{
    "_readme": [
        "This file locks the dependencies of your project to a known state",
        "Read more about it at https://getcomposer.org/doc/01-basic-usage.md#composer-lock-the-lock-file",
        "This file is @generated automatically"
    ],
    "hash": "e249eea5f024d5971e033d094b87c34e",
    "packages": [
        {
            "name": "mmihey/PHP-Instagram-effects",
            "version": "1.1.1",
            "dist": {
                "type": "zip",
                "url": "https://github.com/mmihey/PHP-Instagram-effects/archive/master.zip",
                "reference": null,
                "shasum": null
            },
            "type": "library"
        }
    ],
    "packages-dev": [],
    "aliases": [],
    "minimum-stability": "stable",
    "stability-flags": [],
    "prefer-stable": false,
    "prefer-lowest": false,
    "platform": [],
    "platform-dev": []
}
